
Microsoft Visual Studio Solution File, Format Version 12.00
Project("{FAE04EC0-301F-11D3-BF4B-00C04F79EFBC}") = "s29828_kol", "s29828_kol\s29828_kol.csproj", "{79878AE6-D8BD-4DE8-9631-D9E6711F7320}"
EndProject
Global
	GlobalSection(SolutionConfigurationPlatforms) = preSolution
		Debug|Any CPU = Debug|Any CPU
		Release|Any CPU = Release|Any CPU
	EndGlobalSection
	GlobalSection(ProjectConfigurationPlatforms) = postSolution
		{79878AE6-D8BD-4DE8-9631-D9E6711F7320}.Debug|Any CPU.ActiveCfg = Debug|Any CPU
		{79878AE6-D8BD-4DE8-9631-D9E6711F7320}.Debug|Any CPU.Build.0 = Debug|Any CPU
		{79878AE6-D8BD-4DE8-9631-D9E6711F7320}.Release|Any CPU.ActiveCfg = Release|Any CPU
		{79878AE6-D8BD-4DE8-9631-D9E6711F7320}.Release|Any CPU.Build.0 = Release|Any CPU
	EndGlobalSection
EndGlobal
